
Microsoft Visual Studio Solution File, Format Version 12.00
# Visual Studio 15
VisualStudioVersion = 15.0.27703.2047
MinimumVisualStudioVersion = 10.0.40219.1
Project("{9A19103F-16F7-4668-BE54-9A1E7A4F7556}") = "WebApi", "WebApi\WebApi.csproj", "{308D70A3-45A8-4701-9804-104030F3AF2B}"
EndProject
Project("{9A19103F-16F7-4668-BE54-9A1E7A4F7556}") = "WebApi.Test", "WebApi.Test\WebApi.Test.csproj", "{038A24ED-F3EC-4626-B54A-B5ED47239241}"
EndProject
Global
	GlobalSection(SolutionConfigurationPlatforms) = preSolution
		Debug|Any CPU = Debug|Any CPU
		Release|Any CPU = Release|Any CPU
	EndGlobalSection
	GlobalSection(ProjectConfigurationPlatforms) = postSolution
		{308D70A3-45A8-4701-9804-104030F3AF2B}.Debug|Any CPU.ActiveCfg = Debug|Any CPU
		{308D70A3-45A8-4701-9804-104030F3AF2B}.Debug|Any CPU.Build.0 = Debug|Any CPU
		{308D70A3-45A8-4701-9804-104030F3AF2B}.Release|Any CPU.ActiveCfg = Release|Any CPU
		{308D70A3-45A8-4701-9804-104030F3AF2B}.Release|Any CPU.Build.0 = Release|Any CPU
		{038A24ED-F3EC-4626-B54A-B5ED47239241}.Debug|Any CPU.ActiveCfg = Debug|Any CPU
		{038A24ED-F3EC-4626-B54A-B5ED47239241}.Debug|Any CPU.Build.0 = Debug|Any CPU
		{038A24ED-F3EC-4626-B54A-B5ED47239241}.Release|Any CPU.ActiveCfg = Release|Any CPU
		{038A24ED-F3EC-4626-B54A-B5ED47239241}.Release|Any CPU.Build.0 = Release|Any CPU
	EndGlobalSection
	GlobalSection(SolutionProperties) = preSolution
		HideSolutionNode = FALSE
	EndGlobalSection
	GlobalSection(ExtensibilityGlobals) = postSolution
		SolutionGuid = {C4740D48-DB96-4286-B70E-CFF2C00A229A}
	EndGlobalSection
EndGlobal
